{
  "name": "typescript-monorepo",
  "version": "1.0.0",
  "lockfileVersion": 3,
  "requires": true,
  "packages": {
    "": {
      "name": "typescript-monorepo",
      "version": "1.0.0",
      "license": "ISC",
      "workspaces": [
        "common",
        "service-a",
        "service-b"
      ]
    },
    "common": {
      "name": "@tsmr/common",
      "version": "1.0.0",
      "license": "ISC"
    },
    "node_modules/@tsmr/common": {
      "resolved": "common",
      "link": true
    },
    "node_modules/@tsmr/service-a": {
      "resolved": "service-a",
      "link": true
    },
    "node_modules/@tsmr/service-b": {
      "resolved": "service-b",
      "link": true
    },
    "service-a": {
      "name": "@tsmr/service-a",
      "version": "1.0.0",
      "license": "ISC",
      "dependencies": {
        "@tsmr/common": "^1.0.0"
      }
    },
    "service-b": {
      "name": "@tsmr/service-b",
      "version": "1.0.0",
      "license": "ISC",
      "dependencies": {
        "@tsmr/common": "^1.0.0"
      },
      "devDependencies": {}
    }
  }
}
